// !$*UTF8*$!
{
	archiveVersion = 1;
	classes = {
	};
	objectVersion = 50;
	objects = {

/* Begin PBXBuildFile section */
		424A6FFE2674A28800D21130 /* main.cpp in Sources */ = {isa = PBXBuildFile; fileRef = 424A6FFD2674A28800D21130 /* main.cpp */; };
		424A70062674A35200D21130 /* OpenGL.framework in Frameworks */ = {isa = PBXBuildFile; fileRef = 424A70052674A35200D21130 /* OpenGL.framework */; };
		424A700F2674A67200D21130 /* GLUT.framework in Frameworks */ = {isa = PBXBuildFile; fileRef = 424A700E2674A67200D21130 /* GLUT.framework */; };
		424A70372674BF5800D21130 /* SceneManager.cpp in Sources */ = {isa = PBXBuildFile; fileRef = 424A70322674BF5800D21130 /* SceneManager.cpp */; };
		424A70382674BF5800D21130 /* Scene_GamePlay.cpp in Sources */ = {isa = PBXBuildFile; fileRef = 424A70332674BF5800D21130 /* Scene_GamePlay.cpp */; };
		424A70392674BF5800D21130 /* Renderer.cpp in Sources */ = {isa = PBXBuildFile; fileRef = 424A70342674BF5800D21130 /* Renderer.cpp */; };
		424A703A2674BF5800D21130 /* Object_Character.cpp in Sources */ = {isa = PBXBuildFile; fileRef = 424A70352674BF5800D21130 /* Object_Character.cpp */; };
		424A703B2674BF5800D21130 /* Objects.cpp in Sources */ = {isa = PBXBuildFile; fileRef = 424A70362674BF5800D21130 /* Objects.cpp */; };
		424A70422674D36200D21130 /* libGLEW.2.2.0.dylib in Frameworks */ = {isa = PBXBuildFile; fileRef = 424A703C2674D2E000D21130 /* libGLEW.2.2.0.dylib */; };
		424A70432674D36200D21130 /* libGLEW.2.2.0.dylib in Embed Libraries */ = {isa = PBXBuildFile; fileRef = 424A703C2674D2E000D21130 /* libGLEW.2.2.0.dylib */; settings = {ATTRIBUTES = (CodeSignOnCopy, ); }; };
		424A70452674D38600D21130 /* libglfw.3.3.dylib in Frameworks */ = {isa = PBXBuildFile; fileRef = 424A703F2674D2F700D21130 /* libglfw.3.3.dylib */; };
		424A70462674D38600D21130 /* libglfw.3.3.dylib in Embed Libraries */ = {isa = PBXBuildFile; fileRef = 424A703F2674D2F700D21130 /* libglfw.3.3.dylib */; settings = {ATTRIBUTES = (CodeSignOnCopy, ); }; };
/* End PBXBuildFile section */

/* Begin PBXCopyFilesBuildPhase section */
		424A6FF82674A28800D21130 /* CopyFiles */ = {
			isa = PBXCopyFilesBuildPhase;
			buildActionMask = 2147483647;
			dstPath = /usr/share/man/man1/;
			dstSubfolderSpec = 0;
			files = (
			);
			runOnlyForDeploymentPostprocessing = 1;
		};
		424A70442674D36300D21130 /* Embed Libraries */ = {
			isa = PBXCopyFilesBuildPhase;
			buildActionMask = 2147483647;
			dstPath = "";
			dstSubfolderSpec = 10;
			files = (
				424A70462674D38600D21130 /* libglfw.3.3.dylib in Embed Libraries */,
				424A70432674D36200D21130 /* libGLEW.2.2.0.dylib in Embed Libraries */,
			);
			name = "Embed Libraries";
			runOnlyForDeploymentPostprocessing = 0;
		};
/* End PBXCopyFilesBuildPhase section */

/* Begin PBXFileReference section */
		424A6FFA2674A28800D21130 /* MacOpenGLMinecraft */ = {isa = PBXFileReference; explicitFileType = "compiled.mach-o.executable"; includeInIndex = 0; path = MacOpenGLMinecraft; sourceTree = BUILT_PRODUCTS_DIR; };
		424A6FFD2674A28800D21130 /* main.cpp */ = {isa = PBXFileReference; lastKnownFileType = sourcecode.cpp.cpp; path = main.cpp; sourceTree = "<group>"; };
		424A70052674A35200D21130 /* OpenGL.framework */ = {isa = PBXFileReference; lastKnownFileType = wrapper.framework; name = OpenGL.framework; path = System/Library/Frameworks/OpenGL.framework; sourceTree = SDKROOT; };
		424A70072674A48200D21130 /* libglfw.3.3.dylib */ = {isa = PBXFileReference; lastKnownFileType = "compiled.mach-o.dylib"; name = libglfw.3.3.dylib; path = ../../../../opt/homebrew/Cellar/glfw/3.3.4/lib/libglfw.3.3.dylib; sourceTree = "<group>"; };
		424A700B2674A4B300D21130 /* libGLEW.2.2.0.dylib */ = {isa = PBXFileReference; lastKnownFileType = "compiled.mach-o.dylib"; name = libGLEW.2.2.0.dylib; path = ../../../../opt/homebrew/Cellar/glew/2.2.0_1/lib/libGLEW.2.2.0.dylib; sourceTree = "<group>"; };
		424A700E2674A67200D21130 /* GLUT.framework */ = {isa = PBXFileReference; lastKnownFileType = wrapper.framework; name = GLUT.framework; path = System/Library/Frameworks/GLUT.framework; sourceTree = SDKROOT; };
		424A70112674AE1200D21130 /* SceneManager.h */ = {isa = PBXFileReference; fileEncoding = 4; lastKnownFileType = sourcecode.c.h; path = SceneManager.h; sourceTree = "<group>"; };
		424A70132674AE1200D21130 /* Scene_GamePlay.h */ = {isa = PBXFileReference; fileEncoding = 4; lastKnownFileType = sourcecode.c.h; path = Scene_GamePlay.h; sourceTree = "<group>"; };
		424A70182674AE1200D21130 /* Renderer.h */ = {isa = PBXFileReference; fileEncoding = 4; lastKnownFileType = sourcecode.c.h; path = Renderer.h; sourceTree = "<group>"; };
		424A70192674AE1200D21130 /* Objects.h */ = {isa = PBXFileReference; fileEncoding = 4; lastKnownFileType = sourcecode.c.h; path = Objects.h; sourceTree = "<group>"; };
		424A701A2674AE1200D21130 /* Object_Character.h */ = {isa = PBXFileReference; fileEncoding = 4; lastKnownFileType = sourcecode.c.h; path = Object_Character.h; sourceTree = "<group>"; };
		424A701B2674AE1200D21130 /* stb_image.h */ = {isa = PBXFileReference; fileEncoding = 4; lastKnownFileType = sourcecode.c.h; path = stb_image.h; sourceTree = "<group>"; };
		424A70242674AE8300D21130 /* Global.h */ = {isa = PBXFileReference; fileEncoding = 4; lastKnownFileType = sourcecode.c.h; path = Global.h; sourceTree = "<group>"; };
		424A70252674AFD200D21130 /* glm */ = {isa = PBXFileReference; lastKnownFileType = folder; name = glm; path = ../../../../opt/homebrew/Cellar/glm/0.9.9.8/include/glm; sourceTree = "<group>"; };
		424A70292674B53F00D21130 /* Interface.h */ = {isa = PBXFileReference; lastKnownFileType = sourcecode.c.h; path = Interface.h; sourceTree = "<group>"; };
		424A702A2674B63300D21130 /* Mesh.h */ = {isa = PBXFileReference; lastKnownFileType = sourcecode.c.h; path = Mesh.h; sourceTree = "<group>"; };
		424A702E2674BEA900D21130 /* Shaders */ = {isa = PBXFileReference; lastKnownFileType = folder; path = Shaders; sourceTree = "<group>"; };
		424A702F2674BEA900D21130 /* Resource */ = {isa = PBXFileReference; lastKnownFileType = folder; path = Resource; sourceTree = "<group>"; };
		424A70322674BF5800D21130 /* SceneManager.cpp */ = {isa = PBXFileReference; fileEncoding = 4; lastKnownFileType = sourcecode.cpp.cpp; name = SceneManager.cpp; path = MacOpenGLMinecraft/source/SceneManager.cpp; sourceTree = SOURCE_ROOT; };
		424A70332674BF5800D21130 /* Scene_GamePlay.cpp */ = {isa = PBXFileReference; fileEncoding = 4; lastKnownFileType = sourcecode.cpp.cpp; name = Scene_GamePlay.cpp; path = MacOpenGLMinecraft/source/Scene_GamePlay.cpp; sourceTree = SOURCE_ROOT; };
		424A70342674BF5800D21130 /* Renderer.cpp */ = {isa = PBXFileReference; fileEncoding = 4; lastKnownFileType = sourcecode.cpp.cpp; name = Renderer.cpp; path = MacOpenGLMinecraft/source/Renderer.cpp; sourceTree = SOURCE_ROOT; };
		424A70352674BF5800D21130 /* Object_Character.cpp */ = {isa = PBXFileReference; fileEncoding = 4; lastKnownFileType = sourcecode.cpp.cpp; name = Object_Character.cpp; path = MacOpenGLMinecraft/source/Object_Character.cpp; sourceTree = SOURCE_ROOT; };
		424A70362674BF5800D21130 /* Objects.cpp */ = {isa = PBXFileReference; fileEncoding = 4; lastKnownFileType = sourcecode.cpp.cpp; name = Objects.cpp; path = MacOpenGLMinecraft/source/Objects.cpp; sourceTree = SOURCE_ROOT; };
		424A703C2674D2E000D21130 /* libGLEW.2.2.0.dylib */ = {isa = PBXFileReference; lastKnownFileType = "compiled.mach-o.dylib"; name = libGLEW.2.2.0.dylib; path = ../../../../../../opt/homebrew/Cellar/glew/2.2.0_1/lib/libGLEW.2.2.0.dylib; sourceTree = "<group>"; };
		424A703F2674D2F700D21130 /* libglfw.3.3.dylib */ = {isa = PBXFileReference; lastKnownFileType = "compiled.mach-o.dylib"; name = libglfw.3.3.dylib; path = ../../../../../../opt/homebrew/Cellar/glfw/3.3.4/lib/libglfw.3.3.dylib; sourceTree = "<group>"; };
/* End PBXFileReference section */

/* Begin PBXFrameworksBuildPhase section */
		424A6FF72674A28800D21130 /* Frameworks */ = {
			isa = PBXFrameworksBuildPhase;
			buildActionMask = 2147483647;
			files = (
				424A70452674D38600D21130 /* libglfw.3.3.dylib in Frameworks */,
				424A700F2674A67200D21130 /* GLUT.framework in Frameworks */,
				424A70422674D36200D21130 /* libGLEW.2.2.0.dylib in Frameworks */,
				424A70062674A35200D21130 /* OpenGL.framework in Frameworks */,
			);
			runOnlyForDeploymentPostprocessing = 0;
		};
/* End PBXFrameworksBuildPhase section */

/* Begin PBXGroup section */
		424A6FF12674A28800D21130 = {
			isa = PBXGroup;
			children = (
				424A6FFC2674A28800D21130 /* MacOpenGLMinecraft */,
				424A6FFB2674A28800D21130 /* Products */,
				424A70042674A35200D21130 /* Frameworks */,
			);
			sourceTree = "<group>";
		};
		424A6FFB2674A28800D21130 /* Products */ = {
			isa = PBXGroup;
			children = (
				424A6FFA2674A28800D21130 /* MacOpenGLMinecraft */,
			);
			name = Products;
			sourceTree = "<group>";
		};
		424A6FFC2674A28800D21130 /* MacOpenGLMinecraft */ = {
			isa = PBXGroup;
			children = (
				424A702F2674BEA900D21130 /* Resource */,
				424A702E2674BEA900D21130 /* Shaders */,
				424A70282674B23100D21130 /* commonHeader */,
				424A70312674BED600D21130 /* source */,
				424A70262674B16700D21130 /* header */,
				424A6FFD2674A28800D21130 /* main.cpp */,
			);
			path = MacOpenGLMinecraft;
			sourceTree = "<group>";
		};
		424A70042674A35200D21130 /* Frameworks */ = {
			isa = PBXGroup;
			children = (
				424A703F2674D2F700D21130 /* libglfw.3.3.dylib */,
				424A703C2674D2E000D21130 /* libGLEW.2.2.0.dylib */,
				424A70252674AFD200D21130 /* glm */,
				424A700E2674A67200D21130 /* GLUT.framework */,
				424A700B2674A4B300D21130 /* libGLEW.2.2.0.dylib */,
				424A70072674A48200D21130 /* libglfw.3.3.dylib */,
				424A70052674A35200D21130 /* OpenGL.framework */,
			);
			name = Frameworks;
			sourceTree = "<group>";
		};
		424A70262674B16700D21130 /* header */ = {
			isa = PBXGroup;
			children = (
				424A701A2674AE1200D21130 /* Object_Character.h */,
				424A70192674AE1200D21130 /* Objects.h */,
				424A70182674AE1200D21130 /* Renderer.h */,
				424A70132674AE1200D21130 /* Scene_GamePlay.h */,
				424A70112674AE1200D21130 /* SceneManager.h */,
			);
			name = header;
			sourceTree = "<group>";
		};
		424A70282674B23100D21130 /* commonHeader */ = {
			isa = PBXGroup;
			children = (
				424A70242674AE8300D21130 /* Global.h */,
				424A701B2674AE1200D21130 /* stb_image.h */,
				424A70292674B53F00D21130 /* Interface.h */,
				424A702A2674B63300D21130 /* Mesh.h */,
			);
			name = commonHeader;
			sourceTree = "<group>";
		};
		424A70312674BED600D21130 /* source */ = {
			isa = PBXGroup;
			children = (
				424A70352674BF5800D21130 /* Object_Character.cpp */,
				424A70362674BF5800D21130 /* Objects.cpp */,
				424A70342674BF5800D21130 /* Renderer.cpp */,
				424A70332674BF5800D21130 /* Scene_GamePlay.cpp */,
				424A70322674BF5800D21130 /* SceneManager.cpp */,
			);
			path = source;
			sourceTree = "<group>";
		};
/* End PBXGroup section */

/* Begin PBXNativeTarget section */
		424A6FF92674A28800D21130 /* MacOpenGLMinecraft */ = {
			isa = PBXNativeTarget;
			buildConfigurationList = 424A70012674A28800D21130 /* Build configuration list for PBXNativeTarget "MacOpenGLMinecraft" */;
			buildPhases = (
				424A6FF62674A28800D21130 /* Sources */,
				424A6FF72674A28800D21130 /* Frameworks */,
				424A6FF82674A28800D21130 /* CopyFiles */,
				424A70442674D36300D21130 /* Embed Libraries */,
			);
			buildRules = (
			);
			dependencies = (
			);
			name = MacOpenGLMinecraft;
			productName = MacOpenGLMinecraft;
			productReference = 424A6FFA2674A28800D21130 /* MacOpenGLMinecraft */;
			productType = "com.apple.product-type.tool";
		};
/* End PBXNativeTarget section */

/* Begin PBXProject section */
		424A6FF22674A28800D21130 /* Project object */ = {
			isa = PBXProject;
			attributes = {
				LastUpgradeCheck = 1250;
				TargetAttributes = {
					424A6FF92674A28800D21130 = {
						CreatedOnToolsVersion = 12.5;
					};
				};
			};
			buildConfigurationList = 424A6FF52674A28800D21130 /* Build configuration list for PBXProject "MacOpenGLMinecraft" */;
			compatibilityVersion = "Xcode 9.3";
			developmentRegion = en;
			hasScannedForEncodings = 0;
			knownRegions = (
				en,
				Base,
			);
			mainGroup = 424A6FF12674A28800D21130;
			productRefGroup = 424A6FFB2674A28800D21130 /* Products */;
			projectDirPath = "";
			projectRoot = "";
			targets = (
				424A6FF92674A28800D21130 /* MacOpenGLMinecraft */,
			);
		};
/* End PBXProject section */

/* Begin PBXSourcesBuildPhase section */
		424A6FF62674A28800D21130 /* Sources */ = {
			isa = PBXSourcesBuildPhase;
			buildActionMask = 2147483647;
			files = (
				424A703B2674BF5800D21130 /* Objects.cpp in Sources */,
				424A70392674BF5800D21130 /* Renderer.cpp in Sources */,
				424A70372674BF5800D21130 /* SceneManager.cpp in Sources */,
				424A6FFE2674A28800D21130 /* main.cpp in Sources */,
				424A703A2674BF5800D21130 /* Object_Character.cpp in Sources */,
				424A70382674BF5800D21130 /* Scene_GamePlay.cpp in Sources */,
			);
			runOnlyForDeploymentPostprocessing = 0;
		};
/* End PBXSourcesBuildPhase section */

/* Begin XCBuildConfiguration section */
		424A6FFF2674A28800D21130 /* Debug */ = {
			isa = XCBuildConfiguration;
			buildSettings = {
				ALWAYS_SEARCH_USER_PATHS = NO;
				CLANG_ANALYZER_NONNULL = YES;
				CLANG_ANALYZER_NUMBER_OBJECT_CONVERSION = YES_AGGRESSIVE;
				CLANG_CXX_LANGUAGE_STANDARD = "gnu++14";
				CLANG_CXX_LIBRARY = "libc++";
				CLANG_ENABLE_MODULES = YES;
				CLANG_ENABLE_OBJC_ARC = YES;
				CLANG_ENABLE_OBJC_WEAK = YES;
				CLANG_WARN_BLOCK_CAPTURE_AUTORELEASING = YES;
				CLANG_WARN_BOOL_CONVERSION = YES;
				CLANG_WARN_COMMA = YES;
				CLANG_WARN_CONSTANT_CONVERSION = YES;
				CLANG_WARN_DEPRECATED_OBJC_IMPLEMENTATIONS = YES;
				CLANG_WARN_DIRECT_OBJC_ISA_USAGE = YES_ERROR;
				CLANG_WARN_DOCUMENTATION_COMMENTS = YES;
				CLANG_WARN_EMPTY_BODY = YES;
				CLANG_WARN_ENUM_CONVERSION = YES;
				CLANG_WARN_INFINITE_RECURSION = YES;
				CLANG_WARN_INT_CONVERSION = YES;
				CLANG_WARN_NON_LITERAL_NULL_CONVERSION = YES;
				CLANG_WARN_OBJC_IMPLICIT_RETAIN_SELF = YES;
				CLANG_WARN_OBJC_LITERAL_CONVERSION = YES;
				CLANG_WARN_OBJC_ROOT_CLASS = YES_ERROR;
				CLANG_WARN_QUOTED_INCLUDE_IN_FRAMEWORK_HEADER = YES;
				CLANG_WARN_RANGE_LOOP_ANALYSIS = YES;
				CLANG_WARN_STRICT_PROTOTYPES = YES;
				CLANG_WARN_SUSPICIOUS_MOVE = YES;
				CLANG_WARN_UNGUARDED_AVAILABILITY = YES_AGGRESSIVE;
				CLANG_WARN_UNREACHABLE_CODE = YES;
				CLANG_WARN__DUPLICATE_METHOD_MATCH = YES;
				COPY_PHASE_STRIP = NO;
				DEBUG_INFORMATION_FORMAT = dwarf;
				ENABLE_STRICT_OBJC_MSGSEND = YES;
				ENABLE_TESTABILITY = YES;
				GCC_C_LANGUAGE_STANDARD = gnu11;
				GCC_DYNAMIC_NO_PIC = NO;
				GCC_NO_COMMON_BLOCKS = YES;
				GCC_OPTIMIZATION_LEVEL = 0;
				GCC_PREPROCESSOR_DEFINITIONS = (
					"DEBUG=1",
					"$(inherited)",
				);
				GCC_WARN_64_TO_32_BIT_CONVERSION = YES;
				GCC_WARN_ABOUT_RETURN_TYPE = YES_ERROR;
				GCC_WARN_UNDECLARED_SELECTOR = YES;
				GCC_WARN_UNINITIALIZED_AUTOS = YES_AGGRESSIVE;
				GCC_WARN_UNUSED_FUNCTION = YES;
				GCC_WARN_UNUSED_VARIABLE = YES;
				MACOSX_DEPLOYMENT_TARGET = 11.3;
				MTL_ENABLE_DEBUG_INFO = INCLUDE_SOURCE;
				MTL_FAST_MATH = YES;
				ONLY_ACTIVE_ARCH = YES;
				SDKROOT = macosx;
			};
			name = Debug;
		};
		424A70002674A28800D21130 /* Release */ = {
			isa = XCBuildConfiguration;
			buildSettings = {
				ALWAYS_SEARCH_USER_PATHS = NO;
				CLANG_ANALYZER_NONNULL = YES;
				CLANG_ANALYZER_NUMBER_OBJECT_CONVERSION = YES_AGGRESSIVE;
				CLANG_CXX_LANGUAGE_STANDARD = "gnu++14";
				CLANG_CXX_LIBRARY = "libc++";
				CLANG_ENABLE_MODULES = YES;
				CLANG_ENABLE_OBJC_ARC = YES;
				CLANG_ENABLE_OBJC_WEAK = YES;
				CLANG_WARN_BLOCK_CAPTURE_AUTORELEASING = YES;
				CLANG_WARN_BOOL_CONVERSION = YES;
				CLANG_WARN_COMMA = YES;
				CLANG_WARN_CONSTANT_CONVERSION = YES;
				CLANG_WARN_DEPRECATED_OBJC_IMPLEMENTATIONS = YES;
				CLANG_WARN_DIRECT_OBJC_ISA_USAGE = YES_ERROR;
				CLANG_WARN_DOCUMENTATION_COMMENTS = YES;
				CLANG_WARN_EMPTY_BODY = YES;
				CLANG_WARN_ENUM_CONVERSION = YES;
				CLANG_WARN_INFINITE_RECURSION = YES;
				CLANG_WARN_INT_CONVERSION = YES;
				CLANG_WARN_NON_LITERAL_NULL_CONVERSION = YES;
				CLANG_WARN_OBJC_IMPLICIT_RETAIN_SELF = YES;
				CLANG_WARN_OBJC_LITERAL_CONVERSION = YES;
				CLANG_WARN_OBJC_ROOT_CLASS = YES_ERROR;
				CLANG_WARN_QUOTED_INCLUDE_IN_FRAMEWORK_HEADER = YES;
				CLANG_WARN_RANGE_LOOP_ANALYSIS = YES;
				CLANG_WARN_STRICT_PROTOTYPES = YES;
				CLANG_WARN_SUSPICIOUS_MOVE = YES;
				CLANG_WARN_UNGUARDED_AVAILABILITY = YES_AGGRESSIVE;
				CLANG_WARN_UNREACHABLE_CODE = YES;
				CLANG_WARN__DUPLICATE_METHOD_MATCH = YES;
				COPY_PHASE_STRIP = NO;
				DEBUG_INFORMATION_FORMAT = "dwarf-with-dsym";
				ENABLE_NS_ASSERTIONS = NO;
				ENABLE_STRICT_OBJC_MSGSEND = YES;
				GCC_C_LANGUAGE_STANDARD = gnu11;
				GCC_NO_COMMON_BLOCKS = YES;
				GCC_WARN_64_TO_32_BIT_CONVERSION = YES;
				GCC_WARN_ABOUT_RETURN_TYPE = YES_ERROR;
				GCC_WARN_UNDECLARED_SELECTOR = YES;
				GCC_WARN_UNINITIALIZED_AUTOS = YES_AGGRESSIVE;
				GCC_WARN_UNUSED_FUNCTION = YES;
				GCC_WARN_UNUSED_VARIABLE = YES;
				MACOSX_DEPLOYMENT_TARGET = 11.3;
				MTL_ENABLE_DEBUG_INFO = NO;
				MTL_FAST_MATH = YES;
				SDKROOT = macosx;
			};
			name = Release;
		};
		424A70022674A28800D21130 /* Debug */ = {
			isa = XCBuildConfiguration;
			buildSettings = {
				CODE_SIGN_STYLE = Automatic;
				HEADER_SEARCH_PATHS = (
					/opt/homebrew/Cellar/glew/2.2.0_1/include,
					/opt/homebrew/Cellar/glfw/3.3.4/include,
					/opt/homebrew/Cellar/glm/0.9.9.8/include,
					/Shaders,
				);
				LIBRARY_SEARCH_PATHS = (
					"$(inherited)",
					/opt/homebrew/Cellar/glfw/3.3.4/lib,
					/opt/homebrew/Cellar/glew/2.2.0_1/lib,
				);
				PRODUCT_NAME = "$(TARGET_NAME)";
			};
			name = Debug;
		};
		424A70032674A28800D21130 /* Release */ = {
			isa = XCBuildConfiguration;
			buildSettings = {
				CODE_SIGN_STYLE = Automatic;
				HEADER_SEARCH_PATHS = (
					/opt/homebrew/Cellar/glew/2.2.0_1/include,
					/opt/homebrew/Cellar/glfw/3.3.4/include,
					/opt/homebrew/Cellar/glm/0.9.9.8/include,
					/Shaders,
				);
				LIBRARY_SEARCH_PATHS = (
					"$(inherited)",
					/opt/homebrew/Cellar/glfw/3.3.4/lib,
					/opt/homebrew/Cellar/glew/2.2.0_1/lib,
				);
				PRODUCT_NAME = "$(TARGET_NAME)";
			};
			name = Release;
		};
/* End XCBuildConfiguration section */

/* Begin XCConfigurationList section */
		424A6FF52674A28800D21130 /* Build configuration list for PBXProject "MacOpenGLMinecraft" */ = {
			isa = XCConfigurationList;
			buildConfigurations = (
				424A6FFF2674A28800D21130 /* Debug */,
				424A70002674A28800D21130 /* Release */,
			);
			defaultConfigurationIsVisible = 0;
			defaultConfigurationName = Release;
		};
		424A70012674A28800D21130 /* Build configuration list for PBXNativeTarget "MacOpenGLMinecraft" */ = {
			isa = XCConfigurationList;
			buildConfigurations = (
				424A70022674A28800D21130 /* Debug */,
				424A70032674A28800D21130 /* Release */,
			);
			defaultConfigurationIsVisible = 0;
			defaultConfigurationName = Release;
		};
/* End XCConfigurationList section */
	};
	rootObject = 424A6FF22674A28800D21130 /* Project object */;
}
